{
    "_meta": {
        "hash": {
            "sha256": "6107b7f9d5d70dea2a76d103002b5000a39247a96acfac7d4777ede18ccae373"
        },
        "pipfile-spec": 6,
        "requires": {
            "python_version": "3.8"
        },
        "sources": [
            {
                "name": "pypi",
                "url": "https://pypi.python.org/simple",
                "verify_ssl": true
            }
        ]
    },
    "default": {
        "adafruit-blinka": {
            "hashes": [
                "sha256:7f1b12254d3dc74345779a0ed68f951ebc873e8d73d4b8241a470bec2fa6db0d"
            ],
            "index": "pypi",
            "version": "==5.9.1"
        },
        "adafruit-circuitpython-74hc595": {
            "hashes": [
                "sha256:cdfb62846cc646f1664e0f607faadd2af57539afbec871111f9a900e4a637d5e"
            ],
            "version": "==1.2.1"
        },
        "adafruit-circuitpython-bme280": {
            "hashes": [
                "sha256:08a4ad0ae1737ca1589dde6bc8c170a4625d4b263278fc5b7a3b4047b7ec9dd4"
            ],
            "index": "pypi",
            "version": "==2.5.1"
        },
        "adafruit-circuitpython-busdevice": {
            "hashes": [
                "sha256:8d686bcfe1311ed39470e06121cea41c9c5675d958d52c861f612761d9674d88"
            ],
            "version": "==5.0.1"
        },
        "adafruit-circuitpython-charlcd": {
            "hashes": [
                "sha256:514efed33533cf870e8803167f2b684873235f022e07e8da64b1a8988be6e3bb"
            ],
            "index": "pypi",
            "version": "==3.3.4"
        },
        "adafruit-circuitpython-mcp230xx": {
            "hashes": [
                "sha256:f181a6e1b81bbf58e935e245eed10eeb577faa298edeaac8281c8ca38b37c20e"
            ],
            "version": "==2.4.2"
        },
        "adafruit-platformdetect": {
            "hashes": [
                "sha256:c3a4d8ec18a9c63a14cb4d26162ee22306cb6e68a7209f1430d473121dcb35cb"
            ],
            "version": "==2.23.0"
        },
        "adafruit-pureio": {
            "hashes": [
                "sha256:c6702589aa4bf6dc785e5f4e4ed7e68bef1d93d180633abe548fe3f39d36cad5"
            ],
            "version": "==1.1.8"
        },
        "pyftdi": {
            "hashes": [
                "sha256:5f591cefc87c89177798b53c70914fadff54717433afc9ccb50213d053e87ee6",
                "sha256:f26d61fe14a3d089ea7700e774501c52ce3312f3522763a407cd33988124bd5e"
            ],
            "version": "==0.52.0"
        },
        "pyserial": {
            "hashes": [
                "sha256:3c77e014170dfffbd816e6ffc205e9842efb10be9f58ec16d3e8675b4925cddb",
                "sha256:c4451db6ba391ca6ca299fb3ec7bae67a5c55dde170964c7a14ceefec02f2cf0"
            ],
            "version": "==3.5"
        },
        "pyusb": {
            "hashes": [
                "sha256:d69ed64bff0e2102da11b3f49567256867853b861178689671a163d30865c298"
            ],
            "version": "==1.1.0"
        },
        "rpi.gpio": {
            "hashes": [
                "sha256:7424bc6c205466764f30f666c18187a0824077daf20b295c42f08aea2cb87d3f"
            ],
            "index": "pypi",
            "version": "==0.7.0"
        }
    },
    "develop": {}
}
