{
    "_meta": {
        "hash": {
            "sha256": "bfabdec7bef2d7f907172cef1ebc96b20a1d53b00537bb943fd1f43a766c5f3b"
        },
        "pipfile-spec": 6,
        "requires": {
            "python_version": "3.8"
        },
        "sources": [
            {
                "name": "pypi",
                "url": "https://pypi.python.org/simple",
                "verify_ssl": true
            }
        ]
    },
    "default": {
        "adafruit-blinka": {
            "hashes": [
                "sha256:f2f34c793be58ae5dd9a50f7f728221bfd466a1fb6e78f4cd2243dcb079c63e5"
            ],
            "index": "pypi",
            "version": "==5.7.0"
        },
        "adafruit-circuitpython-74hc595": {
            "hashes": [
                "sha256:cdfb62846cc646f1664e0f607faadd2af57539afbec871111f9a900e4a637d5e"
            ],
            "version": "==1.2.1"
        },
        "adafruit-circuitpython-bmp280": {
            "hashes": [
                "sha256:1f3b7d3bab28914024cc64cc9ae26f7a3368a060483aa496a1af8bb3aa387cbe"
            ],
            "index": "pypi",
            "version": "==3.2.3"
        },
        "adafruit-circuitpython-busdevice": {
            "hashes": [
                "sha256:8d686bcfe1311ed39470e06121cea41c9c5675d958d52c861f612761d9674d88"
            ],
            "version": "==5.0.1"
        },
        "adafruit-circuitpython-charlcd": {
            "hashes": [
                "sha256:514efed33533cf870e8803167f2b684873235f022e07e8da64b1a8988be6e3bb"
            ],
            "index": "pypi",
            "version": "==3.3.4"
        },
        "adafruit-circuitpython-mcp230xx": {
            "hashes": [
                "sha256:f181a6e1b81bbf58e935e245eed10eeb577faa298edeaac8281c8ca38b37c20e"
            ],
            "version": "==2.4.2"
        },
        "adafruit-platformdetect": {
            "hashes": [
                "sha256:2840cc5294bf2b6c6f6aff384e85c0e18124f038a91c2b3f08a398750de20c38"
            ],
            "version": "==2.21.0"
        },
        "adafruit-pureio": {
            "hashes": [
                "sha256:2d6522d9b333e60d67fad8c3169b0c6560016a5f5f8f571b1f9692db60e14eb4"
            ],
            "version": "==1.1.7"
        },
        "pyftdi": {
            "hashes": [
                "sha256:5f591cefc87c89177798b53c70914fadff54717433afc9ccb50213d053e87ee6",
                "sha256:f26d61fe14a3d089ea7700e774501c52ce3312f3522763a407cd33988124bd5e"
            ],
            "version": "==0.52.0"
        },
        "pyserial": {
            "hashes": [
                "sha256:6e2d401fdee0eab996cf734e67773a0143b932772ca8b42451440cfed942c627",
                "sha256:e0770fadba80c31013896c7e6ef703f72e7834965954a78e71a3049488d4d7d8"
            ],
            "version": "==3.4"
        },
        "pyusb": {
            "hashes": [
                "sha256:d69ed64bff0e2102da11b3f49567256867853b861178689671a163d30865c298"
            ],
            "version": "==1.1.0"
        },
        "rpi.gpio": {
            "hashes": [
                "sha256:7424bc6c205466764f30f666c18187a0824077daf20b295c42f08aea2cb87d3f"
            ],
            "index": "pypi",
            "version": "==0.7.0"
        }
    },
    "develop": {}
}
